
Microsoft Visual Studio Solution File, Format Version 12.00
# Visual Studio 15
VisualStudioVersion = 15.0.26124.0
MinimumVisualStudioVersion = 15.0.26124.0
Project("{2150E333-8FDC-42A3-9474-1A3956D46DE8}") = "src", "src", "{11952E23-E95C-4A25-A329-C6982258BD75}"
EndProject
Project("{F2A71F9B-5D33-465A-A702-920D77279786}") = "Common", "src\Common\Common.fsproj", "{0F5C869A-AC63-4303-A60C-100DA5D929EA}"
EndProject
Project("{F2A71F9B-5D33-465A-A702-920D77279786}") = "LLIR", "src\LLIR\LLIR.fsproj", "{433B2389-0F73-4C3B-B8FB-96BD6737BA36}"
EndProject
Project("{F2A71F9B-5D33-465A-A702-920D77279786}") = "LLVM", "src\LLVM\LLVM.fsproj", "{007D27BF-2FC2-4409-BF93-83FBDCEE2852}"
EndProject
Project("{F2A71F9B-5D33-465A-A702-920D77279786}") = "PathOptimizer", "src\PathOptimizer\PathOptimizer.fsproj", "{79343A8A-96CE-4C4E-ADBD-BB3E73366D51}"
EndProject
Project("{F2A71F9B-5D33-465A-A702-920D77279786}") = "SymExecutor", "src\SymExecutor\SymExecutor.fsproj", "{162029CB-4D9B-49C4-9076-3DE61B974FA8}"
EndProject
Global
	GlobalSection(SolutionConfigurationPlatforms) = preSolution
		Debug|Any CPU = Debug|Any CPU
		Debug|x64 = Debug|x64
		Debug|x86 = Debug|x86
		Release|Any CPU = Release|Any CPU
		Release|x64 = Release|x64
		Release|x86 = Release|x86
	EndGlobalSection
	GlobalSection(SolutionProperties) = preSolution
		HideSolutionNode = FALSE
	EndGlobalSection
	GlobalSection(ProjectConfigurationPlatforms) = postSolution
		{0F5C869A-AC63-4303-A60C-100DA5D929EA}.Debug|Any CPU.ActiveCfg = Debug|Any CPU
		{0F5C869A-AC63-4303-A60C-100DA5D929EA}.Debug|Any CPU.Build.0 = Debug|Any CPU
		{0F5C869A-AC63-4303-A60C-100DA5D929EA}.Debug|x64.ActiveCfg = Debug|Any CPU
		{0F5C869A-AC63-4303-A60C-100DA5D929EA}.Debug|x64.Build.0 = Debug|Any CPU
		{0F5C869A-AC63-4303-A60C-100DA5D929EA}.Debug|x86.ActiveCfg = Debug|Any CPU
		{0F5C869A-AC63-4303-A60C-100DA5D929EA}.Debug|x86.Build.0 = Debug|Any CPU
		{0F5C869A-AC63-4303-A60C-100DA5D929EA}.Release|Any CPU.ActiveCfg = Release|Any CPU
		{0F5C869A-AC63-4303-A60C-100DA5D929EA}.Release|Any CPU.Build.0 = Release|Any CPU
		{0F5C869A-AC63-4303-A60C-100DA5D929EA}.Release|x64.ActiveCfg = Release|Any CPU
		{0F5C869A-AC63-4303-A60C-100DA5D929EA}.Release|x64.Build.0 = Release|Any CPU
		{0F5C869A-AC63-4303-A60C-100DA5D929EA}.Release|x86.ActiveCfg = Release|Any CPU
		{0F5C869A-AC63-4303-A60C-100DA5D929EA}.Release|x86.Build.0 = Release|Any CPU
		{433B2389-0F73-4C3B-B8FB-96BD6737BA36}.Debug|Any CPU.ActiveCfg = Debug|Any CPU
		{433B2389-0F73-4C3B-B8FB-96BD6737BA36}.Debug|Any CPU.Build.0 = Debug|Any CPU
		{433B2389-0F73-4C3B-B8FB-96BD6737BA36}.Debug|x64.ActiveCfg = Debug|Any CPU
		{433B2389-0F73-4C3B-B8FB-96BD6737BA36}.Debug|x64.Build.0 = Debug|Any CPU
		{433B2389-0F73-4C3B-B8FB-96BD6737BA36}.Debug|x86.ActiveCfg = Debug|Any CPU
		{433B2389-0F73-4C3B-B8FB-96BD6737BA36}.Debug|x86.Build.0 = Debug|Any CPU
		{433B2389-0F73-4C3B-B8FB-96BD6737BA36}.Release|Any CPU.ActiveCfg = Release|Any CPU
		{433B2389-0F73-4C3B-B8FB-96BD6737BA36}.Release|Any CPU.Build.0 = Release|Any CPU
		{433B2389-0F73-4C3B-B8FB-96BD6737BA36}.Release|x64.ActiveCfg = Release|Any CPU
		{433B2389-0F73-4C3B-B8FB-96BD6737BA36}.Release|x64.Build.0 = Release|Any CPU
		{433B2389-0F73-4C3B-B8FB-96BD6737BA36}.Release|x86.ActiveCfg = Release|Any CPU
		{433B2389-0F73-4C3B-B8FB-96BD6737BA36}.Release|x86.Build.0 = Release|Any CPU
		{007D27BF-2FC2-4409-BF93-83FBDCEE2852}.Debug|Any CPU.ActiveCfg = Debug|Any CPU
		{007D27BF-2FC2-4409-BF93-83FBDCEE2852}.Debug|Any CPU.Build.0 = Debug|Any CPU
		{007D27BF-2FC2-4409-BF93-83FBDCEE2852}.Debug|x64.ActiveCfg = Debug|Any CPU
		{007D27BF-2FC2-4409-BF93-83FBDCEE2852}.Debug|x64.Build.0 = Debug|Any CPU
		{007D27BF-2FC2-4409-BF93-83FBDCEE2852}.Debug|x86.ActiveCfg = Debug|Any CPU
		{007D27BF-2FC2-4409-BF93-83FBDCEE2852}.Debug|x86.Build.0 = Debug|Any CPU
		{007D27BF-2FC2-4409-BF93-83FBDCEE2852}.Release|Any CPU.ActiveCfg = Release|Any CPU
		{007D27BF-2FC2-4409-BF93-83FBDCEE2852}.Release|Any CPU.Build.0 = Release|Any CPU
		{007D27BF-2FC2-4409-BF93-83FBDCEE2852}.Release|x64.ActiveCfg = Release|Any CPU
		{007D27BF-2FC2-4409-BF93-83FBDCEE2852}.Release|x64.Build.0 = Release|Any CPU
		{007D27BF-2FC2-4409-BF93-83FBDCEE2852}.Release|x86.ActiveCfg = Release|Any CPU
		{007D27BF-2FC2-4409-BF93-83FBDCEE2852}.Release|x86.Build.0 = Release|Any CPU
		{79343A8A-96CE-4C4E-ADBD-BB3E73366D51}.Debug|Any CPU.ActiveCfg = Debug|Any CPU
		{79343A8A-96CE-4C4E-ADBD-BB3E73366D51}.Debug|Any CPU.Build.0 = Debug|Any CPU
		{79343A8A-96CE-4C4E-ADBD-BB3E73366D51}.Debug|x64.ActiveCfg = Debug|Any CPU
		{79343A8A-96CE-4C4E-ADBD-BB3E73366D51}.Debug|x64.Build.0 = Debug|Any CPU
		{79343A8A-96CE-4C4E-ADBD-BB3E73366D51}.Debug|x86.ActiveCfg = Debug|Any CPU
		{79343A8A-96CE-4C4E-ADBD-BB3E73366D51}.Debug|x86.Build.0 = Debug|Any CPU
		{79343A8A-96CE-4C4E-ADBD-BB3E73366D51}.Release|Any CPU.ActiveCfg = Release|Any CPU
		{79343A8A-96CE-4C4E-ADBD-BB3E73366D51}.Release|Any CPU.Build.0 = Release|Any CPU
		{79343A8A-96CE-4C4E-ADBD-BB3E73366D51}.Release|x64.ActiveCfg = Release|Any CPU
		{79343A8A-96CE-4C4E-ADBD-BB3E73366D51}.Release|x64.Build.0 = Release|Any CPU
		{79343A8A-96CE-4C4E-ADBD-BB3E73366D51}.Release|x86.ActiveCfg = Release|Any CPU
		{79343A8A-96CE-4C4E-ADBD-BB3E73366D51}.Release|x86.Build.0 = Release|Any CPU
		{162029CB-4D9B-49C4-9076-3DE61B974FA8}.Debug|Any CPU.ActiveCfg = Debug|Any CPU
		{162029CB-4D9B-49C4-9076-3DE61B974FA8}.Debug|Any CPU.Build.0 = Debug|Any CPU
		{162029CB-4D9B-49C4-9076-3DE61B974FA8}.Debug|x64.ActiveCfg = Debug|Any CPU
		{162029CB-4D9B-49C4-9076-3DE61B974FA8}.Debug|x64.Build.0 = Debug|Any CPU
		{162029CB-4D9B-49C4-9076-3DE61B974FA8}.Debug|x86.ActiveCfg = Debug|Any CPU
		{162029CB-4D9B-49C4-9076-3DE61B974FA8}.Debug|x86.Build.0 = Debug|Any CPU
		{162029CB-4D9B-49C4-9076-3DE61B974FA8}.Release|Any CPU.ActiveCfg = Release|Any CPU
		{162029CB-4D9B-49C4-9076-3DE61B974FA8}.Release|Any CPU.Build.0 = Release|Any CPU
		{162029CB-4D9B-49C4-9076-3DE61B974FA8}.Release|x64.ActiveCfg = Release|Any CPU
		{162029CB-4D9B-49C4-9076-3DE61B974FA8}.Release|x64.Build.0 = Release|Any CPU
		{162029CB-4D9B-49C4-9076-3DE61B974FA8}.Release|x86.ActiveCfg = Release|Any CPU
		{162029CB-4D9B-49C4-9076-3DE61B974FA8}.Release|x86.Build.0 = Release|Any CPU
	EndGlobalSection
	GlobalSection(NestedProjects) = preSolution
		{0F5C869A-AC63-4303-A60C-100DA5D929EA} = {11952E23-E95C-4A25-A329-C6982258BD75}
		{433B2389-0F73-4C3B-B8FB-96BD6737BA36} = {11952E23-E95C-4A25-A329-C6982258BD75}
		{007D27BF-2FC2-4409-BF93-83FBDCEE2852} = {11952E23-E95C-4A25-A329-C6982258BD75}
		{79343A8A-96CE-4C4E-ADBD-BB3E73366D51} = {11952E23-E95C-4A25-A329-C6982258BD75}
		{162029CB-4D9B-49C4-9076-3DE61B974FA8} = {11952E23-E95C-4A25-A329-C6982258BD75}
	EndGlobalSection
EndGlobal
